// !$*UTF8*$!
{
	archiveVersion = 1;
	classes = {
	};
	objectVersion = 48;
	objects = {

/* Begin PBXBuildFile section */
		FBDB4258208ABC9F006BD674 /* AppDelegate.swift in Sources */ = {isa = PBXBuildFile; fileRef = FBDB4257208ABC9F006BD674 /* AppDelegate.swift */; };
		FBDB425A208ABC9F006BD674 /* ViewController.swift in Sources */ = {isa = PBXBuildFile; fileRef = FBDB4259208ABC9F006BD674 /* ViewController.swift */; };
		FBDB425D208ABC9F006BD674 /* Main.storyboard in Resources */ = {isa = PBXBuildFile; fileRef = FBDB425B208ABC9F006BD674 /* Main.storyboard */; };
		FBDB425F208ABC9F006BD674 /* Assets.xcassets in Resources */ = {isa = PBXBuildFile; fileRef = FBDB425E208ABC9F006BD674 /* Assets.xcassets */; };
		FBDB4262208ABC9F006BD674 /* LaunchScreen.storyboard in Resources */ = {isa = PBXBuildFile; fileRef = FBDB4260208ABC9F006BD674 /* LaunchScreen.storyboard */; };
		FBDB426A208ACB95006BD674 /* ModalViewController.swift in Sources */ = {isa = PBXBuildFile; fileRef = FBDB4269208ACB95006BD674 /* ModalViewController.swift */; };
/* End PBXBuildFile section */

/* Begin PBXFileReference section */
		FBDB4254208ABC9F006BD674 /* Clase2Mod1.app */ = {isa = PBXFileReference; explicitFileType = wrapper.application; includeInIndex = 0; path = Clase2Mod1.app; sourceTree = BUILT_PRODUCTS_DIR; };
		FBDB4257208ABC9F006BD674 /* AppDelegate.swift */ = {isa = PBXFileReference; lastKnownFileType = sourcecode.swift; path = AppDelegate.swift; sourceTree = "<group>"; };
		FBDB4259208ABC9F006BD674 /* ViewController.swift */ = {isa = PBXFileReference; lastKnownFileType = sourcecode.swift; path = ViewController.swift; sourceTree = "<group>"; };
		FBDB425C208ABC9F006BD674 /* Base */ = {isa = PBXFileReference; lastKnownFileType = file.storyboard; name = Base; path = Base.lproj/Main.storyboard; sourceTree = "<group>"; };
		FBDB425E208ABC9F006BD674 /* Assets.xcassets */ = {isa = PBXFileReference; lastKnownFileType = folder.assetcatalog; path = Assets.xcassets; sourceTree = "<group>"; };
		FBDB4261208ABC9F006BD674 /* Base */ = {isa = PBXFileReference; lastKnownFileType = file.storyboard; name = Base; path = Base.lproj/LaunchScreen.storyboard; sourceTree = "<group>"; };
		FBDB4263208ABC9F006BD674 /* Info.plist */ = {isa = PBXFileReference; lastKnownFileType = text.plist.xml; path = Info.plist; sourceTree = "<group>"; };
		FBDB4269208ACB95006BD674 /* ModalViewController.swift */ = {isa = PBXFileReference; lastKnownFileType = sourcecode.swift; path = ModalViewController.swift; sourceTree = "<group>"; };
/* End PBXFileReference section */

/* Begin PBXFrameworksBuildPhase section */
		FBDB4251208ABC9F006BD674 /* Frameworks */ = {
			isa = PBXFrameworksBuildPhase;
			buildActionMask = 2147483647;
			files = (
			);
			runOnlyForDeploymentPostprocessing = 0;
		};
/* End PBXFrameworksBuildPhase section */

/* Begin PBXGroup section */
		FBDB424B208ABC9F006BD674 = {
			isa = PBXGroup;
			children = (
				FBDB4256208ABC9F006BD674 /* Clase2Mod1 */,
				FBDB4255208ABC9F006BD674 /* Products */,
			);
			sourceTree = "<group>";
		};
		FBDB4255208ABC9F006BD674 /* Products */ = {
			isa = PBXGroup;
			children = (
				FBDB4254208ABC9F006BD674 /* Clase2Mod1.app */,
			);
			name = Products;
			sourceTree = "<group>";
		};
		FBDB4256208ABC9F006BD674 /* Clase2Mod1 */ = {
			isa = PBXGroup;
			children = (
				FBDB4257208ABC9F006BD674 /* AppDelegate.swift */,
				FBDB4259208ABC9F006BD674 /* ViewController.swift */,
				FBDB425B208ABC9F006BD674 /* Main.storyboard */,
				FBDB425E208ABC9F006BD674 /* Assets.xcassets */,
				FBDB4260208ABC9F006BD674 /* LaunchScreen.storyboard */,
				FBDB4263208ABC9F006BD674 /* Info.plist */,
				FBDB4269208ACB95006BD674 /* ModalViewController.swift */,
			);
			path = Clase2Mod1;
			sourceTree = "<group>";
		};
/* End PBXGroup section */

/* Begin PBXNativeTarget section */
		FBDB4253208ABC9F006BD674 /* Clase2Mod1 */ = {
			isa = PBXNativeTarget;
			buildConfigurationList = FBDB4266208ABC9F006BD674 /* Build configuration list for PBXNativeTarget "Clase2Mod1" */;
			buildPhases = (
				FBDB4250208ABC9F006BD674 /* Sources */,
				FBDB4251208ABC9F006BD674 /* Frameworks */,
				FBDB4252208ABC9F006BD674 /* Resources */,
			);
			buildRules = (
			);
			dependencies = (
			);
			name = Clase2Mod1;
			productName = Clase2Mod1;
			productReference = FBDB4254208ABC9F006BD674 /* Clase2Mod1.app */;
			productType = "com.apple.product-type.application";
		};
/* End PBXNativeTarget section */

/* Begin PBXProject section */
		FBDB424C208ABC9F006BD674 /* Project object */ = {
			isa = PBXProject;
			attributes = {
				LastSwiftUpdateCheck = 0920;
				LastUpgradeCheck = 0920;
				ORGANIZATIONNAME = "Area51 Training Center";
				TargetAttributes = {
					FBDB4253208ABC9F006BD674 = {
						CreatedOnToolsVersion = 9.2;
						ProvisioningStyle = Automatic;
					};
				};
			};
			buildConfigurationList = FBDB424F208ABC9F006BD674 /* Build configuration list for PBXProject "Clase2Mod1" */;
			compatibilityVersion = "Xcode 8.0";
			developmentRegion = en;
			hasScannedForEncodings = 0;
			knownRegions = (
				en,
				Base,
			);
			mainGroup = FBDB424B208ABC9F006BD674;
			productRefGroup = FBDB4255208ABC9F006BD674 /* Products */;
			projectDirPath = "";
			projectRoot = "";
			targets = (
				FBDB4253208ABC9F006BD674 /* Clase2Mod1 */,
			);
		};
/* End PBXProject section */

/* Begin PBXResourcesBuildPhase section */
		FBDB4252208ABC9F006BD674 /* Resources */ = {
			isa = PBXResourcesBuildPhase;
			buildActionMask = 2147483647;
			files = (
				FBDB4262208ABC9F006BD674 /* LaunchScreen.storyboard in Resources */,
				FBDB425F208ABC9F006BD674 /* Assets.xcassets in Resources */,
				FBDB425D208ABC9F006BD674 /* Main.storyboard in Resources */,
			);
			runOnlyForDeploymentPostprocessing = 0;
		};
/* End PBXResourcesBuildPhase section */

/* Begin PBXSourcesBuildPhase section */
		FBDB4250208ABC9F006BD674 /* Sources */ = {
			isa = PBXSourcesBuildPhase;
			buildActionMask = 2147483647;
			files = (
				FBDB425A208ABC9F006BD674 /* ViewController.swift in Sources */,
				FBDB426A208ACB95006BD674 /* ModalViewController.swift in Sources */,
				FBDB4258208ABC9F006BD674 /* AppDelegate.swift in Sources */,
			);
			runOnlyForDeploymentPostprocessing = 0;
		};
/* End PBXSourcesBuildPhase section */

/* Begin PBXVariantGroup section */
		FBDB425B208ABC9F006BD674 /* Main.storyboard */ = {
			isa = PBXVariantGroup;
			children = (
				FBDB425C208ABC9F006BD674 /* Base */,
			);
			name = Main.storyboard;
			sourceTree = "<group>";
		};
		FBDB4260208ABC9F006BD674 /* LaunchScreen.storyboard */ = {
			isa = PBXVariantGroup;
			children = (
				FBDB4261208ABC9F006BD674 /* Base */,
			);
			name = LaunchScreen.storyboard;
			sourceTree = "<group>";
		};
/* End PBXVariantGroup section */

/* Begin XCBuildConfiguration section */
		FBDB4264208ABC9F006BD674 /* Debug */ = {
			isa = XCBuildConfiguration;
			buildSettings = {
				ALWAYS_SEARCH_USER_PATHS = NO;
				CLANG_ANALYZER_NONNULL = YES;
				CLANG_ANALYZER_NUMBER_OBJECT_CONVERSION = YES_AGGRESSIVE;
				CLANG_CXX_LANGUAGE_STANDARD = "gnu++14";
				CLANG_CXX_LIBRARY = "libc++";
				CLANG_ENABLE_MODULES = YES;
				CLANG_ENABLE_OBJC_ARC = YES;
				CLANG_WARN_BLOCK_CAPTURE_AUTORELEASING = YES;
				CLANG_WARN_BOOL_CONVERSION = YES;
				CLANG_WARN_COMMA = YES;
				CLANG_WARN_CONSTANT_CONVERSION = YES;
				CLANG_WARN_DIRECT_OBJC_ISA_USAGE = YES_ERROR;
				CLANG_WARN_DOCUMENTATION_COMMENTS = YES;
				CLANG_WARN_EMPTY_BODY = YES;
				CLANG_WARN_ENUM_CONVERSION = YES;
				CLANG_WARN_INFINITE_RECURSION = YES;
				CLANG_WARN_INT_CONVERSION = YES;
				CLANG_WARN_NON_LITERAL_NULL_CONVERSION = YES;
				CLANG_WARN_OBJC_LITERAL_CONVERSION = YES;
				CLANG_WARN_OBJC_ROOT_CLASS = YES_ERROR;
				CLANG_WARN_RANGE_LOOP_ANALYSIS = YES;
				CLANG_WARN_STRICT_PROTOTYPES = YES;
				CLANG_WARN_SUSPICIOUS_MOVE = YES;
				CLANG_WARN_UNGUARDED_AVAILABILITY = YES_AGGRESSIVE;
				CLANG_WARN_UNREACHABLE_CODE = YES;
				CLANG_WARN__DUPLICATE_METHOD_MATCH = YES;
				CODE_SIGN_IDENTITY = "iPhone Developer";
				COPY_PHASE_STRIP = NO;
				DEBUG_INFORMATION_FORMAT = dwarf;
				ENABLE_STRICT_OBJC_MSGSEND = YES;
				ENABLE_TESTABILITY = YES;
				GCC_C_LANGUAGE_STANDARD = gnu11;
				GCC_DYNAMIC_NO_PIC = NO;
				GCC_NO_COMMON_BLOCKS = YES;
				GCC_OPTIMIZATION_LEVEL = 0;
				GCC_PREPROCESSOR_DEFINITIONS = (
					"DEBUG=1",
					"$(inherited)",
				);
				GCC_WARN_64_TO_32_BIT_CONVERSION = YES;
				GCC_WARN_ABOUT_RETURN_TYPE = YES_ERROR;
				GCC_WARN_UNDECLARED_SELECTOR = YES;
				GCC_WARN_UNINITIALIZED_AUTOS = YES_AGGRESSIVE;
				GCC_WARN_UNUSED_FUNCTION = YES;
				GCC_WARN_UNUSED_VARIABLE = YES;
				IPHONEOS_DEPLOYMENT_TARGET = 11.2;
				MTL_ENABLE_DEBUG_INFO = YES;
				ONLY_ACTIVE_ARCH = YES;
				SDKROOT = iphoneos;
				SWIFT_ACTIVE_COMPILATION_CONDITIONS = DEBUG;
				SWIFT_OPTIMIZATION_LEVEL = "-Onone";
			};
			name = Debug;
		};
		FBDB4265208ABC9F006BD674 /* Release */ = {
			isa = XCBuildConfiguration;
			buildSettings = {
				ALWAYS_SEARCH_USER_PATHS = NO;
				CLANG_ANALYZER_NONNULL = YES;
				CLANG_ANALYZER_NUMBER_OBJECT_CONVERSION = YES_AGGRESSIVE;
				CLANG_CXX_LANGUAGE_STANDARD = "gnu++14";
				CLANG_CXX_LIBRARY = "libc++";
				CLANG_ENABLE_MODULES = YES;
				CLANG_ENABLE_OBJC_ARC = YES;
				CLANG_WARN_BLOCK_CAPTURE_AUTORELEASING = YES;
				CLANG_WARN_BOOL_CONVERSION = YES;
				CLANG_WARN_COMMA = YES;
				CLANG_WARN_CONSTANT_CONVERSION = YES;
				CLANG_WARN_DIRECT_OBJC_ISA_USAGE = YES_ERROR;
				CLANG_WARN_DOCUMENTATION_COMMENTS = YES;
				CLANG_WARN_EMPTY_BODY = YES;
				CLANG_WARN_ENUM_CONVERSION = YES;
				CLANG_WARN_INFINITE_RECURSION = YES;
				CLANG_WARN_INT_CONVERSION = YES;
				CLANG_WARN_NON_LITERAL_NULL_CONVERSION = YES;
				CLANG_WARN_OBJC_LITERAL_CONVERSION = YES;
				CLANG_WARN_OBJC_ROOT_CLASS = YES_ERROR;
				CLANG_WARN_RANGE_LOOP_ANALYSIS = YES;
				CLANG_WARN_STRICT_PROTOTYPES = YES;
				CLANG_WARN_SUSPICIOUS_MOVE = YES;
				CLANG_WARN_UNGUARDED_AVAILABILITY = YES_AGGRESSIVE;
				CLANG_WARN_UNREACHABLE_CODE = YES;
				CLANG_WARN__DUPLICATE_METHOD_MATCH = YES;
				CODE_SIGN_IDENTITY = "iPhone Developer";
				COPY_PHASE_STRIP = NO;
				DEBUG_INFORMATION_FORMAT = "dwarf-with-dsym";
				ENABLE_NS_ASSERTIONS = NO;
				ENABLE_STRICT_OBJC_MSGSEND = YES;
				GCC_C_LANGUAGE_STANDARD = gnu11;
				GCC_NO_COMMON_BLOCKS = YES;
				GCC_WARN_64_TO_32_BIT_CONVERSION = YES;
				GCC_WARN_ABOUT_RETURN_TYPE = YES_ERROR;
				GCC_WARN_UNDECLARED_SELECTOR = YES;
				GCC_WARN_UNINITIALIZED_AUTOS = YES_AGGRESSIVE;
				GCC_WARN_UNUSED_FUNCTION = YES;
				GCC_WARN_UNUSED_VARIABLE = YES;
				IPHONEOS_DEPLOYMENT_TARGET = 11.2;
				MTL_ENABLE_DEBUG_INFO = NO;
				SDKROOT = iphoneos;
				SWIFT_OPTIMIZATION_LEVEL = "-Owholemodule";
				VALIDATE_PRODUCT = YES;
			};
			name = Release;
		};
		FBDB4267208ABC9F006BD674 /* Debug */ = {
			isa = XCBuildConfiguration;
			buildSettings = {
				ASSETCATALOG_COMPILER_APPICON_NAME = AppIcon;
				CODE_SIGN_STYLE = Automatic;
				DEVELOPMENT_TEAM = XJY6K7P63P;
				INFOPLIST_FILE = Clase2Mod1/Info.plist;
				LD_RUNPATH_SEARCH_PATHS = "$(inherited) @executable_path/Frameworks";
				PRODUCT_BUNDLE_IDENTIFIER = pe.area51.Clase2Mod1;
				PRODUCT_NAME = "$(TARGET_NAME)";
				SWIFT_VERSION = 4.0;
				TARGETED_DEVICE_FAMILY = "1,2";
			};
			name = Debug;
		};
		FBDB4268208ABC9F006BD674 /* Release */ = {
			isa = XCBuildConfiguration;
			buildSettings = {
				ASSETCATALOG_COMPILER_APPICON_NAME = AppIcon;
				CODE_SIGN_STYLE = Automatic;
				DEVELOPMENT_TEAM = XJY6K7P63P;
				INFOPLIST_FILE = Clase2Mod1/Info.plist;
				LD_RUNPATH_SEARCH_PATHS = "$(inherited) @executable_path/Frameworks";
				PRODUCT_BUNDLE_IDENTIFIER = pe.area51.Clase2Mod1;
				PRODUCT_NAME = "$(TARGET_NAME)";
				SWIFT_VERSION = 4.0;
				TARGETED_DEVICE_FAMILY = "1,2";
			};
			name = Release;
		};
/* End XCBuildConfiguration section */

/* Begin XCConfigurationList section */
		FBDB424F208ABC9F006BD674 /* Build configuration list for PBXProject "Clase2Mod1" */ = {
			isa = XCConfigurationList;
			buildConfigurations = (
				FBDB4264208ABC9F006BD674 /* Debug */,
				FBDB4265208ABC9F006BD674 /* Release */,
			);
			defaultConfigurationIsVisible = 0;
			defaultConfigurationName = Release;
		};
		FBDB4266208ABC9F006BD674 /* Build configuration list for PBXNativeTarget "Clase2Mod1" */ = {
			isa = XCConfigurationList;
			buildConfigurations = (
				FBDB4267208ABC9F006BD674 /* Debug */,
				FBDB4268208ABC9F006BD674 /* Release */,
			);
			defaultConfigurationIsVisible = 0;
			defaultConfigurationName = Release;
		};
/* End XCConfigurationList section */
	};
	rootObject = FBDB424C208ABC9F006BD674 /* Project object */;
}
